# THIS IS AN AUTOGENERATED FILE. DO NOT EDIT THIS FILE DIRECTLY.
# yarn lockfile v1


turbo-darwin-64@1.9.8:
  version "1.9.8"
  resolved "https://registry.yarnpkg.com/turbo-darwin-64/-/turbo-darwin-64-1.9.8.tgz#febb33027c59c04ff79f7511a886f3f97a827950"
  integrity sha512-PkTdBjPfgpj/Dob/6SjkzP0BBP80/KmFjLEocXVEECCLJE6tHKbWLRdvc79B0N6SufdYdZ1uvvoU3KPtBokSPw==

turbo-darwin-arm64@1.9.8:
  version "1.9.8"
  resolved "https://registry.yarnpkg.com/turbo-darwin-arm64/-/turbo-darwin-arm64-1.9.8.tgz#4b3c2ebb71b781520ea7bcf689e0860d289b346a"
  integrity sha512-sLwqOx3XV57QCEoJM9GnDDnnqidG8wf29ytxssBaWHBdeJTjupyrmzTUrX+tyKo3Q+CjWvbPLyqVqxT4g5NuXQ==

turbo-linux-64@1.9.8:
  version "1.9.8"
  resolved "https://registry.yarnpkg.com/turbo-linux-64/-/turbo-linux-64-1.9.8.tgz#1233e8019aeb0ba550c73b753102d679bd4f00c2"
  integrity sha512-AMg6VT6sW7aOD1uOs5suxglXfTYz9T0uVyKGKokDweGOYTWmuTMGU5afUT1tYRUwQ+kVPJI+83Atl5Ob0oBsgw==

turbo-linux-arm64@1.9.8:
  version "1.9.8"
  resolved "https://registry.yarnpkg.com/turbo-linux-arm64/-/turbo-linux-arm64-1.9.8.tgz#226a35f6604a451895fbbf142226956b1968318e"
  integrity sha512-tLnxFv+OIklwTjiOZ8XMeEeRDAf150Ry4BCivNwgTVFAqQGEqkFP6KGBy56hb5RRF1frPQpoPGipJNVm7c8m1w==

turbo-windows-64@1.9.8:
  version "1.9.8"
  resolved "https://registry.yarnpkg.com/turbo-windows-64/-/turbo-windows-64-1.9.8.tgz#0c65f3f8a7c7b025a3cb62e69de42b452238d3a9"
  integrity sha512-r3pCjvXTMR7kq2E3iqwFlN1R7pFO/TOsuUjMhOSPP7HwuuUIinAckU4I9foM3q7ZCQd1XXScBUt3niDyHijAqQ==

turbo-windows-arm64@1.9.8:
  version "1.9.8"
  resolved "https://registry.yarnpkg.com/turbo-windows-arm64/-/turbo-windows-arm64-1.9.8.tgz#50a102dae12d48f52520718e3ff4605d12a62c25"
  integrity sha512-CWzRbX2TM5IfHBC6uWM659qUOEDC4h0nn16ocG8yIq1IF3uZMzKRBHgGOT5m1BHom+R08V0NcjTmPRoqpiI0dg==

turbo@^1.9.8:
  version "1.9.8"
  resolved "https://registry.yarnpkg.com/turbo/-/turbo-1.9.8.tgz#6d97630f9df7c25c588722837ac4c2b9342c7766"
  integrity sha512-dTouGZBm4a2fE0OPafcTQERCp4i3ZOow0Pr0JlOyxKmzJy0JRwXypH013kbZoK6k1ET5tS/g9rwUXIM/AmWXXQ==
  optionalDependencies:
    turbo-darwin-64 "1.9.8"
    turbo-darwin-arm64 "1.9.8"
    turbo-linux-64 "1.9.8"
    turbo-linux-arm64 "1.9.8"
    turbo-windows-64 "1.9.8"
    turbo-windows-arm64 "1.9.8"
